
Microsoft Visual Studio Solution File, Format Version 12.00
# Visual Studio 15
VisualStudioVersion = 15.0.28010.2026
MinimumVisualStudioVersion = 10.0.40219.1
Project("{9A19103F-16F7-4668-BE54-9A1E7A4F7556}") = "ForConsole1", "ForConsole1\ForConsole1.csproj", "{5AE6239B-45E0-42C7-957C-BAA9189100AF}"
EndProject
Project("{9A19103F-16F7-4668-BE54-9A1E7A4F7556}") = "ForConsole2", "ForConsole2\ForConsole2.csproj", "{CA7D1086-AFE1-4336-B564-DE9F7DADCA84}"
EndProject
Project("{9A19103F-16F7-4668-BE54-9A1E7A4F7556}") = "ForConsole3", "ForConsole3\ForConsole3.csproj", "{A467C192-1C73-4D89-AC22-4C5BB8C5BE90}"
EndProject
Project("{9A19103F-16F7-4668-BE54-9A1E7A4F7556}") = "ForConsole4", "ForConsole4\ForConsole4.csproj", "{4F31145B-C011-41B5-A045-1E3F367627B6}"
EndProject
Project("{9A19103F-16F7-4668-BE54-9A1E7A4F7556}") = "ForConsole5", "ForConsole5\ForConsole5.csproj", "{E0A72B83-F2CC-4019-BA11-5D2D701CBA84}"
EndProject
Project("{FAE04EC0-301F-11D3-BF4B-00C04F79EFBC}") = "ForConsole6", "ForConsole6\ForConsole6.csproj", "{0E0340D6-38FF-4EA2-8CFF-F7C4E48B38D1}"
EndProject
Global
	GlobalSection(SolutionConfigurationPlatforms) = preSolution
		Debug|Any CPU = Debug|Any CPU
		Release|Any CPU = Release|Any CPU
	EndGlobalSection
	GlobalSection(ProjectConfigurationPlatforms) = postSolution
		{5AE6239B-45E0-42C7-957C-BAA9189100AF}.Debug|Any CPU.ActiveCfg = Debug|Any CPU
		{5AE6239B-45E0-42C7-957C-BAA9189100AF}.Debug|Any CPU.Build.0 = Debug|Any CPU
		{5AE6239B-45E0-42C7-957C-BAA9189100AF}.Release|Any CPU.ActiveCfg = Release|Any CPU
		{5AE6239B-45E0-42C7-957C-BAA9189100AF}.Release|Any CPU.Build.0 = Release|Any CPU
		{CA7D1086-AFE1-4336-B564-DE9F7DADCA84}.Debug|Any CPU.ActiveCfg = Debug|Any CPU
		{CA7D1086-AFE1-4336-B564-DE9F7DADCA84}.Debug|Any CPU.Build.0 = Debug|Any CPU
		{CA7D1086-AFE1-4336-B564-DE9F7DADCA84}.Release|Any CPU.ActiveCfg = Release|Any CPU
		{CA7D1086-AFE1-4336-B564-DE9F7DADCA84}.Release|Any CPU.Build.0 = Release|Any CPU
		{A467C192-1C73-4D89-AC22-4C5BB8C5BE90}.Debug|Any CPU.ActiveCfg = Debug|Any CPU
		{A467C192-1C73-4D89-AC22-4C5BB8C5BE90}.Debug|Any CPU.Build.0 = Debug|Any CPU
		{A467C192-1C73-4D89-AC22-4C5BB8C5BE90}.Release|Any CPU.ActiveCfg = Release|Any CPU
		{A467C192-1C73-4D89-AC22-4C5BB8C5BE90}.Release|Any CPU.Build.0 = Release|Any CPU
		{4F31145B-C011-41B5-A045-1E3F367627B6}.Debug|Any CPU.ActiveCfg = Debug|Any CPU
		{4F31145B-C011-41B5-A045-1E3F367627B6}.Debug|Any CPU.Build.0 = Debug|Any CPU
		{4F31145B-C011-41B5-A045-1E3F367627B6}.Release|Any CPU.ActiveCfg = Release|Any CPU
		{4F31145B-C011-41B5-A045-1E3F367627B6}.Release|Any CPU.Build.0 = Release|Any CPU
		{E0A72B83-F2CC-4019-BA11-5D2D701CBA84}.Debug|Any CPU.ActiveCfg = Debug|Any CPU
		{E0A72B83-F2CC-4019-BA11-5D2D701CBA84}.Debug|Any CPU.Build.0 = Debug|Any CPU
		{E0A72B83-F2CC-4019-BA11-5D2D701CBA84}.Release|Any CPU.ActiveCfg = Release|Any CPU
		{E0A72B83-F2CC-4019-BA11-5D2D701CBA84}.Release|Any CPU.Build.0 = Release|Any CPU
		{0E0340D6-38FF-4EA2-8CFF-F7C4E48B38D1}.Debug|Any CPU.ActiveCfg = Debug|Any CPU
		{0E0340D6-38FF-4EA2-8CFF-F7C4E48B38D1}.Debug|Any CPU.Build.0 = Debug|Any CPU
		{0E0340D6-38FF-4EA2-8CFF-F7C4E48B38D1}.Release|Any CPU.ActiveCfg = Release|Any CPU
		{0E0340D6-38FF-4EA2-8CFF-F7C4E48B38D1}.Release|Any CPU.Build.0 = Release|Any CPU
	EndGlobalSection
	GlobalSection(SolutionProperties) = preSolution
		HideSolutionNode = FALSE
	EndGlobalSection
	GlobalSection(ExtensibilityGlobals) = postSolution
		SolutionGuid = {163194D4-7CDE-4204-8D18-CDFAEA83181E}
	EndGlobalSection
EndGlobal
