
Microsoft Visual Studio Solution File, Format Version 12.00
# Visual Studio 15
VisualStudioVersion = 15.0.28010.2026
MinimumVisualStudioVersion = 10.0.40219.1
Project("{FAE04EC0-301F-11D3-BF4B-00C04F79EFBC}") = "SwitchProjectWinForms", "SwitchProjectWinForms\SwitchProjectWinForms.csproj", "{02AD8D51-DAF9-49C4-8D54-C9280D6EC563}"
EndProject
Global
	GlobalSection(SolutionConfigurationPlatforms) = preSolution
		Debug|Any CPU = Debug|Any CPU
		Release|Any CPU = Release|Any CPU
	EndGlobalSection
	GlobalSection(ProjectConfigurationPlatforms) = postSolution
		{02AD8D51-DAF9-49C4-8D54-C9280D6EC563}.Debug|Any CPU.ActiveCfg = Debug|Any CPU
		{02AD8D51-DAF9-49C4-8D54-C9280D6EC563}.Debug|Any CPU.Build.0 = Debug|Any CPU
		{02AD8D51-DAF9-49C4-8D54-C9280D6EC563}.Release|Any CPU.ActiveCfg = Release|Any CPU
		{02AD8D51-DAF9-49C4-8D54-C9280D6EC563}.Release|Any CPU.Build.0 = Release|Any CPU
	EndGlobalSection
	GlobalSection(SolutionProperties) = preSolution
		HideSolutionNode = FALSE
	EndGlobalSection
	GlobalSection(ExtensibilityGlobals) = postSolution
		SolutionGuid = {F55229E1-FB54-4C56-B3DD-D8E1F11BA005}
	EndGlobalSection
EndGlobal
